// !$*UTF8*$!
{
	archiveVersion = 1;
	classes = {
	};
	objectVersion = 46;
	objects = {

/* Begin PBXBuildFile section */
		47A47ED5160294200079D52C /* UIKit.framework in Frameworks */ = {isa = PBXBuildFile; fileRef = 47A47ED4160294200079D52C /* UIKit.framework */; };
		47A47ED7160294200079D52C /* Foundation.framework in Frameworks */ = {isa = PBXBuildFile; fileRef = 47A47ED6160294200079D52C /* Foundation.framework */; };
		47A47ED9160294200079D52C /* CoreGraphics.framework in Frameworks */ = {isa = PBXBuildFile; fileRef = 47A47ED8160294200079D52C /* CoreGraphics.framework */; };
		47A47EF2160296230079D52C /* QuartzCore.framework in Frameworks */ = {isa = PBXBuildFile; fileRef = 47A47EF1160296230079D52C /* QuartzCore.framework */; };
		47A47EF4160296280079D52C /* OpenGLES.framework in Frameworks */ = {isa = PBXBuildFile; fileRef = 47A47EF3160296280079D52C /* OpenGLES.framework */; };
		47A47F091602A4C10079D52C /* Security.framework in Frameworks */ = {isa = PBXBuildFile; fileRef = 47A47F081602A4C10079D52C /* Security.framework */; };
		47A47F4A1602DD200079D52C /* ViewController.xib in Resources */ = {isa = PBXBuildFile; fileRef = 47A47F481602DD200079D52C /* ViewController.xib */; };
		47A47F531602DDD90079D52C /* resultsTweeterSensitivity.csv in Resources */ = {isa = PBXBuildFile; fileRef = 47A47F4F1602DDD90079D52C /* resultsTweeterSensitivity.csv */; };
		47A47F561602E09C0079D52C /* obama_intrade_edited.csv in Resources */ = {isa = PBXBuildFile; fileRef = 47A47F551602E09C0079D52C /* obama_intrade_edited.csv */; };
		47A47F5A1602E2B40079D52C /* MultiGraphViewController.m in Sources */ = {isa = PBXBuildFile; fileRef = 47A47F581602E2B30079D52C /* MultiGraphViewController.m */; };
		47A47F5B1602E2B40079D52C /* MultiGraphViewController.xib in Resources */ = {isa = PBXBuildFile; fileRef = 47A47F591602E2B30079D52C /* MultiGraphViewController.xib */; };
		47A47F5E1602E5350079D52C /* icon_close.png in Resources */ = {isa = PBXBuildFile; fileRef = 47A47F5D1602E5350079D52C /* icon_close.png */; };
		47A47F611602ED180079D52C /* obama.png in Resources */ = {isa = PBXBuildFile; fileRef = 47A47F5F1602ED180079D52C /* obama.png */; };
		47A47F621602ED180079D52C /* romney.png in Resources */ = {isa = PBXBuildFile; fileRef = 47A47F601602ED180079D52C /* romney.png */; };
		47A47F641602EDE40079D52C /* header.png in Resources */ = {isa = PBXBuildFile; fileRef = 47A47F631602EDE40079D52C /* header.png */; };
		47A47F6B1602F98F0079D52C /* buyShares.png in Resources */ = {isa = PBXBuildFile; fileRef = 47A47F651602F98F0079D52C /* buyShares.png */; };
		47A47F6C1602F98F0079D52C /* chart_background.png in Resources */ = {isa = PBXBuildFile; fileRef = 47A47F661602F98F0079D52C /* chart_background.png */; };
		47A47F6D1602F98F0079D52C /* fullScreen.png in Resources */ = {isa = PBXBuildFile; fileRef = 47A47F671602F98F0079D52C /* fullScreen.png */; };
		47A47F6E1602F98F0079D52C /* obama_candidate.png in Resources */ = {isa = PBXBuildFile; fileRef = 47A47F681602F98F0079D52C /* obama_candidate.png */; };
		47A47F6F1602F98F0079D52C /* romney_candidate.png in Resources */ = {isa = PBXBuildFile; fileRef = 47A47F691602F98F0079D52C /* romney_candidate.png */; };
		47A47F701602F98F0079D52C /* sellShares.png in Resources */ = {isa = PBXBuildFile; fileRef = 47A47F6A1602F98F0079D52C /* sellShares.png */; };
		47A47F7216031E490079D52C /* romney_intrade_edited.csv in Resources */ = {isa = PBXBuildFile; fileRef = 47A47F7116031E490079D52C /* romney_intrade_edited.csv */; };
		47A47F79160323260079D52C /* TwitterTopicsDataSource.m in Sources */ = {isa = PBXBuildFile; fileRef = 47A47F78160323260079D52C /* TwitterTopicsDataSource.m */; };
		47A47F7C160325CD0079D52C /* obama_twitter.csv in Resources */ = {isa = PBXBuildFile; fileRef = 47A47F7A160325CD0079D52C /* obama_twitter.csv */; };
		47A47F7D160325CD0079D52C /* romney_twitter.csv in Resources */ = {isa = PBXBuildFile; fileRef = 47A47F7B160325CD0079D52C /* romney_twitter.csv */; };
		59FC0ED31602D25C004D20E1 /* ShinobiCharts.framework in Frameworks */ = {isa = PBXBuildFile; fileRef = 59FC0ED21602D25C004D20E1 /* ShinobiCharts.framework */; };
		59FC0EF81602D4FB004D20E1 /* AppDelegate.m in Sources */ = {isa = PBXBuildFile; fileRef = 59FC0EDE1602D4FB004D20E1 /* AppDelegate.m */; };
		59FC0EF91602D4FB004D20E1 /* CandidateProfileViewController.m in Sources */ = {isa = PBXBuildFile; fileRef = 59FC0EE01602D4FB004D20E1 /* CandidateProfileViewController.m */; };
		59FC0EFA1602D4FB004D20E1 /* CandidateProfileViewController.xib in Resources */ = {isa = PBXBuildFile; fileRef = 59FC0EE11602D4FB004D20E1 /* CandidateProfileViewController.xib */; };
		59FC0EFC1602D4FB004D20E1 /* DayViewController.m in Sources */ = {isa = PBXBuildFile; fileRef = 59FC0EE41602D4FB004D20E1 /* DayViewController.m */; };
		59FC0EFD1602D4FB004D20E1 /* DayViewController.xib in Resources */ = {isa = PBXBuildFile; fileRef = 59FC0EE51602D4FB004D20E1 /* DayViewController.xib */; };
		59FC0F001602D4FB004D20E1 /* LineChartDataSource.m in Sources */ = {isa = PBXBuildFile; fileRef = 59FC0EEC1602D4FB004D20E1 /* LineChartDataSource.m */; settings = {COMPILER_FLAGS = "-fno-objc-arc"; }; };
		59FC0F011602D4FB004D20E1 /* main.m in Sources */ = {isa = PBXBuildFile; fileRef = 59FC0EED1602D4FB004D20E1 /* main.m */; };
		59FC0F021602D4FB004D20E1 /* parseCSV.m in Sources */ = {isa = PBXBuildFile; fileRef = 59FC0EEF1602D4FB004D20E1 /* parseCSV.m */; settings = {COMPILER_FLAGS = "-fno-objc-arc"; }; };
		59FC0F031602D4FB004D20E1 /* PresidentX-Info.plist in Resources */ = {isa = PBXBuildFile; fileRef = 59FC0EF01602D4FB004D20E1 /* PresidentX-Info.plist */; };
		59FC0F071602D4FB004D20E1 /* ViewController.m in Sources */ = {isa = PBXBuildFile; fileRef = 59FC0EF71602D4FB004D20E1 /* ViewController.m */; };
		59FC0F121602D583004D20E1 /* InfoPlist.strings in Resources */ = {isa = PBXBuildFile; fileRef = 59FC0F101602D583004D20E1 /* InfoPlist.strings */; };
/* End PBXBuildFile section */

/* Begin PBXFileReference section */
		47A47ED0160294200079D52C /* PresidentX.app */ = {isa = PBXFileReference; explicitFileType = wrapper.application; includeInIndex = 0; path = PresidentX.app; sourceTree = BUILT_PRODUCTS_DIR; };
		47A47ED4160294200079D52C /* UIKit.framework */ = {isa = PBXFileReference; lastKnownFileType = wrapper.framework; name = UIKit.framework; path = System/Library/Frameworks/UIKit.framework; sourceTree = SDKROOT; };
		47A47ED6160294200079D52C /* Foundation.framework */ = {isa = PBXFileReference; lastKnownFileType = wrapper.framework; name = Foundation.framework; path = System/Library/Frameworks/Foundation.framework; sourceTree = SDKROOT; };
		47A47ED8160294200079D52C /* CoreGraphics.framework */ = {isa = PBXFileReference; lastKnownFileType = wrapper.framework; name = CoreGraphics.framework; path = System/Library/Frameworks/CoreGraphics.framework; sourceTree = SDKROOT; };
		47A47EF1160296230079D52C /* QuartzCore.framework */ = {isa = PBXFileReference; lastKnownFileType = wrapper.framework; name = QuartzCore.framework; path = System/Library/Frameworks/QuartzCore.framework; sourceTree = SDKROOT; };
		47A47EF3160296280079D52C /* OpenGLES.framework */ = {isa = PBXFileReference; lastKnownFileType = wrapper.framework; name = OpenGLES.framework; path = System/Library/Frameworks/OpenGLES.framework; sourceTree = SDKROOT; };
		47A47F081602A4C10079D52C /* Security.framework */ = {isa = PBXFileReference; lastKnownFileType = wrapper.framework; name = Security.framework; path = System/Library/Frameworks/Security.framework; sourceTree = SDKROOT; };
		47A47F491602DD200079D52C /* en */ = {isa = PBXFileReference; lastKnownFileType = file.xib; name = en; path = PresidentX/en.lproj/ViewController.xib; sourceTree = SOURCE_ROOT; };
		47A47F4F1602DDD90079D52C /* resultsTweeterSensitivity.csv */ = {isa = PBXFileReference; fileEncoding = 4; lastKnownFileType = text; path = resultsTweeterSensitivity.csv; sourceTree = "<group>"; };
		47A47F551602E09C0079D52C /* obama_intrade_edited.csv */ = {isa = PBXFileReference; fileEncoding = 4; lastKnownFileType = text; path = obama_intrade_edited.csv; sourceTree = "<group>"; };
		47A47F571602E2B30079D52C /* MultiGraphViewController.h */ = {isa = PBXFileReference; fileEncoding = 4; lastKnownFileType = sourcecode.c.h; name = MultiGraphViewController.h; path = PresidentX/MultiGraphViewController.h; sourceTree = SOURCE_ROOT; };
		47A47F581602E2B30079D52C /* MultiGraphViewController.m */ = {isa = PBXFileReference; fileEncoding = 4; lastKnownFileType = sourcecode.c.objc; name = MultiGraphViewController.m; path = PresidentX/MultiGraphViewController.m; sourceTree = SOURCE_ROOT; };
		47A47F591602E2B30079D52C /* MultiGraphViewController.xib */ = {isa = PBXFileReference; fileEncoding = 4; lastKnownFileType = file.xib; name = MultiGraphViewController.xib; path = PresidentX/MultiGraphViewController.xib; sourceTree = SOURCE_ROOT; };
		47A47F5D1602E5350079D52C /* icon_close.png */ = {isa = PBXFileReference; lastKnownFileType = image.png; path = icon_close.png; sourceTree = "<group>"; };
		47A47F5F1602ED180079D52C /* obama.png */ = {isa = PBXFileReference; lastKnownFileType = image.png; path = obama.png; sourceTree = "<group>"; };
		47A47F601602ED180079D52C /* romney.png */ = {isa = PBXFileReference; lastKnownFileType = image.png; path = romney.png; sourceTree = "<group>"; };
		47A47F631602EDE40079D52C /* header.png */ = {isa = PBXFileReference; lastKnownFileType = image.png; path = header.png; sourceTree = "<group>"; };
		47A47F651602F98F0079D52C /* buyShares.png */ = {isa = PBXFileReference; lastKnownFileType = image.png; path = buyShares.png; sourceTree = "<group>"; };
		47A47F661602F98F0079D52C /* chart_background.png */ = {isa = PBXFileReference; lastKnownFileType = image.png; path = chart_background.png; sourceTree = "<group>"; };
		47A47F671602F98F0079D52C /* fullScreen.png */ = {isa = PBXFileReference; lastKnownFileType = image.png; path = fullScreen.png; sourceTree = "<group>"; };
		47A47F681602F98F0079D52C /* obama_candidate.png */ = {isa = PBXFileReference; lastKnownFileType = image.png; path = obama_candidate.png; sourceTree = "<group>"; };
		47A47F691602F98F0079D52C /* romney_candidate.png */ = {isa = PBXFileReference; lastKnownFileType = image.png; path = romney_candidate.png; sourceTree = "<group>"; };
		47A47F6A1602F98F0079D52C /* sellShares.png */ = {isa = PBXFileReference; lastKnownFileType = image.png; path = sellShares.png; sourceTree = "<group>"; };
		47A47F7116031E490079D52C /* romney_intrade_edited.csv */ = {isa = PBXFileReference; fileEncoding = 4; lastKnownFileType = text; path = romney_intrade_edited.csv; sourceTree = "<group>"; };
		47A47F77160323260079D52C /* TwitterTopicsDataSource.h */ = {isa = PBXFileReference; fileEncoding = 4; lastKnownFileType = sourcecode.c.h; name = TwitterTopicsDataSource.h; path = PresidentX/TwitterTopicsDataSource.h; sourceTree = SOURCE_ROOT; };
		47A47F78160323260079D52C /* TwitterTopicsDataSource.m */ = {isa = PBXFileReference; fileEncoding = 4; lastKnownFileType = sourcecode.c.objc; name = TwitterTopicsDataSource.m; path = PresidentX/TwitterTopicsDataSource.m; sourceTree = SOURCE_ROOT; };
		47A47F7A160325CD0079D52C /* obama_twitter.csv */ = {isa = PBXFileReference; fileEncoding = 4; lastKnownFileType = text; path = obama_twitter.csv; sourceTree = "<group>"; };
		47A47F7B160325CD0079D52C /* romney_twitter.csv */ = {isa = PBXFileReference; fileEncoding = 4; lastKnownFileType = text; path = romney_twitter.csv; sourceTree = "<group>"; };
		59FC0ED21602D25C004D20E1 /* ShinobiCharts.framework */ = {isa = PBXFileReference; lastKnownFileType = wrapper.framework; path = ShinobiCharts.framework; sourceTree = "<group>"; };
		59FC0EDD1602D4FB004D20E1 /* AppDelegate.h */ = {isa = PBXFileReference; fileEncoding = 4; lastKnownFileType = sourcecode.c.h; name = AppDelegate.h; path = PresidentX/AppDelegate.h; sourceTree = SOURCE_ROOT; };
		59FC0EDE1602D4FB004D20E1 /* AppDelegate.m */ = {isa = PBXFileReference; fileEncoding = 4; lastKnownFileType = sourcecode.c.objc; name = AppDelegate.m; path = PresidentX/AppDelegate.m; sourceTree = SOURCE_ROOT; };
		59FC0EDF1602D4FB004D20E1 /* CandidateProfileViewController.h */ = {isa = PBXFileReference; fileEncoding = 4; lastKnownFileType = sourcecode.c.h; name = CandidateProfileViewController.h; path = PresidentX/CandidateProfileViewController.h; sourceTree = SOURCE_ROOT; };
		59FC0EE01602D4FB004D20E1 /* CandidateProfileViewController.m */ = {isa = PBXFileReference; fileEncoding = 4; lastKnownFileType = sourcecode.c.objc; name = CandidateProfileViewController.m; path = PresidentX/CandidateProfileViewController.m; sourceTree = SOURCE_ROOT; };
		59FC0EE11602D4FB004D20E1 /* CandidateProfileViewController.xib */ = {isa = PBXFileReference; fileEncoding = 4; lastKnownFileType = file.xib; name = CandidateProfileViewController.xib; path = PresidentX/CandidateProfileViewController.xib; sourceTree = SOURCE_ROOT; };
		59FC0EE21602D4FB004D20E1 /* candidates.csv */ = {isa = PBXFileReference; fileEncoding = 4; lastKnownFileType = text; name = candidates.csv; path = PresidentX/candidates.csv; sourceTree = SOURCE_ROOT; };
		59FC0EE31602D4FB004D20E1 /* DayViewController.h */ = {isa = PBXFileReference; fileEncoding = 4; lastKnownFileType = sourcecode.c.h; name = DayViewController.h; path = PresidentX/DayViewController.h; sourceTree = SOURCE_ROOT; };
		59FC0EE41602D4FB004D20E1 /* DayViewController.m */ = {isa = PBXFileReference; fileEncoding = 4; lastKnownFileType = sourcecode.c.objc; name = DayViewController.m; path = PresidentX/DayViewController.m; sourceTree = SOURCE_ROOT; };
		59FC0EE51602D4FB004D20E1 /* DayViewController.xib */ = {isa = PBXFileReference; fileEncoding = 4; lastKnownFileType = file.xib; name = DayViewController.xib; path = PresidentX/DayViewController.xib; sourceTree = SOURCE_ROOT; };
		59FC0EEB1602D4FB004D20E1 /* LineChartDataSource.h */ = {isa = PBXFileReference; fileEncoding = 4; lastKnownFileType = sourcecode.c.h; name = LineChartDataSource.h; path = PresidentX/LineChartDataSource.h; sourceTree = SOURCE_ROOT; };
		59FC0EEC1602D4FB004D20E1 /* LineChartDataSource.m */ = {isa = PBXFileReference; fileEncoding = 4; lastKnownFileType = sourcecode.c.objc; name = LineChartDataSource.m; path = PresidentX/LineChartDataSource.m; sourceTree = SOURCE_ROOT; };
		59FC0EED1602D4FB004D20E1 /* main.m */ = {isa = PBXFileReference; fileEncoding = 4; lastKnownFileType = sourcecode.c.objc; name = main.m; path = PresidentX/main.m; sourceTree = SOURCE_ROOT; };
		59FC0EEE1602D4FB004D20E1 /* parseCSV.h */ = {isa = PBXFileReference; fileEncoding = 4; lastKnownFileType = sourcecode.c.h; name = parseCSV.h; path = PresidentX/parseCSV.h; sourceTree = SOURCE_ROOT; };
		59FC0EEF1602D4FB004D20E1 /* parseCSV.m */ = {isa = PBXFileReference; fileEncoding = 4; lastKnownFileType = sourcecode.c.objc; name = parseCSV.m; path = PresidentX/parseCSV.m; sourceTree = SOURCE_ROOT; };
		59FC0EF01602D4FB004D20E1 /* PresidentX-Info.plist */ = {isa = PBXFileReference; fileEncoding = 4; lastKnownFileType = text.plist.xml; name = "PresidentX-Info.plist"; path = "PresidentX/PresidentX-Info.plist"; sourceTree = SOURCE_ROOT; };
		59FC0EF11602D4FB004D20E1 /* PresidentX-Prefix.pch */ = {isa = PBXFileReference; fileEncoding = 4; lastKnownFileType = sourcecode.c.h; name = "PresidentX-Prefix.pch"; path = "PresidentX/PresidentX-Prefix.pch"; sourceTree = SOURCE_ROOT; };
		59FC0EF61602D4FB004D20E1 /* ViewController.h */ = {isa = PBXFileReference; fileEncoding = 4; lastKnownFileType = sourcecode.c.h; name = ViewController.h; path = PresidentX/ViewController.h; sourceTree = SOURCE_ROOT; };
		59FC0EF71602D4FB004D20E1 /* ViewController.m */ = {isa = PBXFileReference; fileEncoding = 4; lastKnownFileType = sourcecode.c.objc; name = ViewController.m; path = PresidentX/ViewController.m; sourceTree = SOURCE_ROOT; };
		59FC0F111602D583004D20E1 /* en */ = {isa = PBXFileReference; lastKnownFileType = text.plist.strings; name = en; path = PresidentX/en.lproj/InfoPlist.strings; sourceTree = SOURCE_ROOT; };
/* End PBXFileReference section */

/* Begin PBXFrameworksBuildPhase section */
		47A47ECD160294200079D52C /* Frameworks */ = {
			isa = PBXFrameworksBuildPhase;
			buildActionMask = 2147483647;
			files = (
				59FC0ED31602D25C004D20E1 /* ShinobiCharts.framework in Frameworks */,
				47A47F091602A4C10079D52C /* Security.framework in Frameworks */,
				47A47EF4160296280079D52C /* OpenGLES.framework in Frameworks */,
				47A47EF2160296230079D52C /* QuartzCore.framework in Frameworks */,
				47A47ED5160294200079D52C /* UIKit.framework in Frameworks */,
				47A47ED7160294200079D52C /* Foundation.framework in Frameworks */,
				47A47ED9160294200079D52C /* CoreGraphics.framework in Frameworks */,
			);
			runOnlyForDeploymentPostprocessing = 0;
		};
/* End PBXFrameworksBuildPhase section */

/* Begin PBXGroup section */
		47A47EC5160294200079D52C = {
			isa = PBXGroup;
			children = (
				47A47EDA160294200079D52C /* PresidentX */,
				47A47ED3160294200079D52C /* Frameworks */,
				47A47ED1160294200079D52C /* Products */,
			);
			sourceTree = "<group>";
		};
		47A47ED1160294200079D52C /* Products */ = {
			isa = PBXGroup;
			children = (
				47A47ED0160294200079D52C /* PresidentX.app */,
			);
			name = Products;
			sourceTree = "<group>";
		};
		47A47ED3160294200079D52C /* Frameworks */ = {
			isa = PBXGroup;
			children = (
				47A47ED8160294200079D52C /* CoreGraphics.framework */,
				47A47ED6160294200079D52C /* Foundation.framework */,
				47A47EF3160296280079D52C /* OpenGLES.framework */,
				47A47EF1160296230079D52C /* QuartzCore.framework */,
				47A47F081602A4C10079D52C /* Security.framework */,
				59FC0ED21602D25C004D20E1 /* ShinobiCharts.framework */,
				47A47ED4160294200079D52C /* UIKit.framework */,
			);
			name = Frameworks;
			sourceTree = "<group>";
		};
		47A47EDA160294200079D52C /* PresidentX */ = {
			isa = PBXGroup;
			children = (
				59FC0EDD1602D4FB004D20E1 /* AppDelegate.h */,
				59FC0EDE1602D4FB004D20E1 /* AppDelegate.m */,
				59FC0EDF1602D4FB004D20E1 /* CandidateProfileViewController.h */,
				59FC0EE01602D4FB004D20E1 /* CandidateProfileViewController.m */,
				59FC0EE11602D4FB004D20E1 /* CandidateProfileViewController.xib */,
				59FC0EE31602D4FB004D20E1 /* DayViewController.h */,
				59FC0EE41602D4FB004D20E1 /* DayViewController.m */,
				59FC0EE51602D4FB004D20E1 /* DayViewController.xib */,
				59FC0EEB1602D4FB004D20E1 /* LineChartDataSource.h */,
				59FC0EEC1602D4FB004D20E1 /* LineChartDataSource.m */,
				47A47F77160323260079D52C /* TwitterTopicsDataSource.h */,
				47A47F78160323260079D52C /* TwitterTopicsDataSource.m */,
				47A47F571602E2B30079D52C /* MultiGraphViewController.h */,
				47A47F581602E2B30079D52C /* MultiGraphViewController.m */,
				47A47F591602E2B30079D52C /* MultiGraphViewController.xib */,
				59FC0EF61602D4FB004D20E1 /* ViewController.h */,
				59FC0EF71602D4FB004D20E1 /* ViewController.m */,
				47A47F481602DD200079D52C /* ViewController.xib */,
				47A47F5C1602E5350079D52C /* Images */,
				47A47F4C1602DDD90079D52C /* DataSources */,
				47A47F0C1602A5330079D52C /* CSVParser */,
				47A47EDB160294200079D52C /* Supporting Files */,
			);
			name = PresidentX;
			path = AOLHatch;
			sourceTree = "<group>";
		};
		47A47EDB160294200079D52C /* Supporting Files */ = {
			isa = PBXGroup;
			children = (
				59FC0F101602D583004D20E1 /* InfoPlist.strings */,
				59FC0EF01602D4FB004D20E1 /* PresidentX-Info.plist */,
				59FC0EED1602D4FB004D20E1 /* main.m */,
				59FC0EF11602D4FB004D20E1 /* PresidentX-Prefix.pch */,
				59FC0EE21602D4FB004D20E1 /* candidates.csv */,
			);
			name = "Supporting Files";
			sourceTree = "<group>";
		};
		47A47F0C1602A5330079D52C /* CSVParser */ = {
			isa = PBXGroup;
			children = (
				59FC0EEE1602D4FB004D20E1 /* parseCSV.h */,
				59FC0EEF1602D4FB004D20E1 /* parseCSV.m */,
			);
			name = CSVParser;
			sourceTree = "<group>";
		};
		47A47F4C1602DDD90079D52C /* DataSources */ = {
			isa = PBXGroup;
			children = (
				47A47F7A160325CD0079D52C /* obama_twitter.csv */,
				47A47F7B160325CD0079D52C /* romney_twitter.csv */,
				47A47F7116031E490079D52C /* romney_intrade_edited.csv */,
				47A47F551602E09C0079D52C /* obama_intrade_edited.csv */,
				47A47F4F1602DDD90079D52C /* resultsTweeterSensitivity.csv */,
			);
			name = DataSources;
			path = PresidentX/DataSources;
			sourceTree = SOURCE_ROOT;
		};
		47A47F5C1602E5350079D52C /* Images */ = {
			isa = PBXGroup;
			children = (
				47A47F651602F98F0079D52C /* buyShares.png */,
				47A47F661602F98F0079D52C /* chart_background.png */,
				47A47F671602F98F0079D52C /* fullScreen.png */,
				47A47F681602F98F0079D52C /* obama_candidate.png */,
				47A47F691602F98F0079D52C /* romney_candidate.png */,
				47A47F6A1602F98F0079D52C /* sellShares.png */,
				47A47F631602EDE40079D52C /* header.png */,
				47A47F5F1602ED180079D52C /* obama.png */,
				47A47F601602ED180079D52C /* romney.png */,
				47A47F5D1602E5350079D52C /* icon_close.png */,
			);
			name = Images;
			path = PresidentX/Images;
			sourceTree = SOURCE_ROOT;
		};
/* End PBXGroup section */

/* Begin PBXNativeTarget section */
		47A47ECF160294200079D52C /* PresidentX */ = {
			isa = PBXNativeTarget;
			buildConfigurationList = 47A47EEE160294200079D52C /* Build configuration list for PBXNativeTarget "PresidentX" */;
			buildPhases = (
				47A47ECC160294200079D52C /* Sources */,
				47A47ECD160294200079D52C /* Frameworks */,
				47A47ECE160294200079D52C /* Resources */,
			);
			buildRules = (
			);
			dependencies = (
			);
			name = PresidentX;
			productName = AOLHatch;
			productReference = 47A47ED0160294200079D52C /* PresidentX.app */;
			productType = "com.apple.product-type.application";
		};
/* End PBXNativeTarget section */

/* Begin PBXProject section */
		47A47EC7160294200079D52C /* Project object */ = {
			isa = PBXProject;
			attributes = {
				LastUpgradeCheck = 0440;
				ORGANIZATIONNAME = "AOL Hatch Day";
			};
			buildConfigurationList = 47A47ECA160294200079D52C /* Build configuration list for PBXProject "PresidentX" */;
			compatibilityVersion = "Xcode 3.2";
			developmentRegion = English;
			hasScannedForEncodings = 0;
			knownRegions = (
				en,
			);
			mainGroup = 47A47EC5160294200079D52C;
			productRefGroup = 47A47ED1160294200079D52C /* Products */;
			projectDirPath = "";
			projectRoot = "";
			targets = (
				47A47ECF160294200079D52C /* PresidentX */,
			);
		};
/* End PBXProject section */

/* Begin PBXResourcesBuildPhase section */
		47A47ECE160294200079D52C /* Resources */ = {
			isa = PBXResourcesBuildPhase;
			buildActionMask = 2147483647;
			files = (
				59FC0EFA1602D4FB004D20E1 /* CandidateProfileViewController.xib in Resources */,
				59FC0EFD1602D4FB004D20E1 /* DayViewController.xib in Resources */,
				59FC0F031602D4FB004D20E1 /* PresidentX-Info.plist in Resources */,
				59FC0F121602D583004D20E1 /* InfoPlist.strings in Resources */,
				47A47F4A1602DD200079D52C /* ViewController.xib in Resources */,
				47A47F531602DDD90079D52C /* resultsTweeterSensitivity.csv in Resources */,
				47A47F561602E09C0079D52C /* obama_intrade_edited.csv in Resources */,
				47A47F5B1602E2B40079D52C /* MultiGraphViewController.xib in Resources */,
				47A47F5E1602E5350079D52C /* icon_close.png in Resources */,
				47A47F611602ED180079D52C /* obama.png in Resources */,
				47A47F621602ED180079D52C /* romney.png in Resources */,
				47A47F641602EDE40079D52C /* header.png in Resources */,
				47A47F6B1602F98F0079D52C /* buyShares.png in Resources */,
				47A47F6C1602F98F0079D52C /* chart_background.png in Resources */,
				47A47F6D1602F98F0079D52C /* fullScreen.png in Resources */,
				47A47F6E1602F98F0079D52C /* obama_candidate.png in Resources */,
				47A47F6F1602F98F0079D52C /* romney_candidate.png in Resources */,
				47A47F701602F98F0079D52C /* sellShares.png in Resources */,
				47A47F7216031E490079D52C /* romney_intrade_edited.csv in Resources */,
				47A47F7C160325CD0079D52C /* obama_twitter.csv in Resources */,
				47A47F7D160325CD0079D52C /* romney_twitter.csv in Resources */,
			);
			runOnlyForDeploymentPostprocessing = 0;
		};
/* End PBXResourcesBuildPhase section */

/* Begin PBXSourcesBuildPhase section */
		47A47ECC160294200079D52C /* Sources */ = {
			isa = PBXSourcesBuildPhase;
			buildActionMask = 2147483647;
			files = (
				59FC0EF81602D4FB004D20E1 /* AppDelegate.m in Sources */,
				59FC0EF91602D4FB004D20E1 /* CandidateProfileViewController.m in Sources */,
				59FC0EFC1602D4FB004D20E1 /* DayViewController.m in Sources */,
				59FC0F001602D4FB004D20E1 /* LineChartDataSource.m in Sources */,
				59FC0F011602D4FB004D20E1 /* main.m in Sources */,
				59FC0F021602D4FB004D20E1 /* parseCSV.m in Sources */,
				59FC0F071602D4FB004D20E1 /* ViewController.m in Sources */,
				47A47F5A1602E2B40079D52C /* MultiGraphViewController.m in Sources */,
				47A47F79160323260079D52C /* TwitterTopicsDataSource.m in Sources */,
			);
			runOnlyForDeploymentPostprocessing = 0;
		};
/* End PBXSourcesBuildPhase section */

/* Begin PBXVariantGroup section */
		47A47F481602DD200079D52C /* ViewController.xib */ = {
			isa = PBXVariantGroup;
			children = (
				47A47F491602DD200079D52C /* en */,
			);
			name = ViewController.xib;
			sourceTree = "<group>";
		};
		59FC0F101602D583004D20E1 /* InfoPlist.strings */ = {
			isa = PBXVariantGroup;
			children = (
				59FC0F111602D583004D20E1 /* en */,
			);
			name = InfoPlist.strings;
			sourceTree = "<group>";
		};
/* End PBXVariantGroup section */

/* Begin XCBuildConfiguration section */
		47A47EEC160294200079D52C /* Debug */ = {
			isa = XCBuildConfiguration;
			buildSettings = {
				ALWAYS_SEARCH_USER_PATHS = NO;
				ARCHS = "$(ARCHS_STANDARD_32_BIT)";
				CLANG_CXX_LANGUAGE_STANDARD = "gnu++0x";
				CLANG_ENABLE_OBJC_ARC = YES;
				CLANG_WARN__DUPLICATE_METHOD_MATCH = YES;
				"CODE_SIGN_IDENTITY[sdk=iphoneos*]" = "iPhone Developer";
				COPY_PHASE_STRIP = NO;
				GCC_C_LANGUAGE_STANDARD = gnu99;
				GCC_DYNAMIC_NO_PIC = NO;
				GCC_OPTIMIZATION_LEVEL = 0;
				GCC_PREPROCESSOR_DEFINITIONS = (
					"DEBUG=1",
					"$(inherited)",
				);
				GCC_SYMBOLS_PRIVATE_EXTERN = NO;
				GCC_VERSION = com.apple.compilers.llvm.clang.1_0;
				GCC_WARN_ABOUT_RETURN_TYPE = YES;
				GCC_WARN_UNINITIALIZED_AUTOS = YES;
				GCC_WARN_UNUSED_VARIABLE = YES;
				IPHONEOS_DEPLOYMENT_TARGET = 5.1;
				SDKROOT = iphoneos;
			};
			name = Debug;
		};
		47A47EED160294200079D52C /* Release */ = {
			isa = XCBuildConfiguration;
			buildSettings = {
				ALWAYS_SEARCH_USER_PATHS = NO;
				ARCHS = "$(ARCHS_STANDARD_32_BIT)";
				CLANG_CXX_LANGUAGE_STANDARD = "gnu++0x";
				CLANG_ENABLE_OBJC_ARC = YES;
				CLANG_WARN__DUPLICATE_METHOD_MATCH = YES;
				"CODE_SIGN_IDENTITY[sdk=iphoneos*]" = "iPhone Developer";
				COPY_PHASE_STRIP = YES;
				GCC_C_LANGUAGE_STANDARD = gnu99;
				GCC_VERSION = com.apple.compilers.llvm.clang.1_0;
				GCC_WARN_ABOUT_RETURN_TYPE = YES;
				GCC_WARN_UNINITIALIZED_AUTOS = YES;
				GCC_WARN_UNUSED_VARIABLE = YES;
				IPHONEOS_DEPLOYMENT_TARGET = 5.1;
				OTHER_CFLAGS = "-DNS_BLOCK_ASSERTIONS=1";
				SDKROOT = iphoneos;
				VALIDATE_PRODUCT = YES;
			};
			name = Release;
		};
		47A47EEF160294200079D52C /* Debug */ = {
			isa = XCBuildConfiguration;
			buildSettings = {
				FRAMEWORK_SEARCH_PATHS = (
					"$(inherited)",
					"\"$(SRCROOT)/../ShinobiCharts Trial\"",
					"\"$(SRCROOT)\"",
				);
				GCC_PRECOMPILE_PREFIX_HEADER = YES;
				GCC_PREFIX_HEADER = "PresidentX/PresidentX-Prefix.pch";
				INFOPLIST_FILE = "PresidentX/PresidentX-Info.plist";
				PRODUCT_NAME = PresidentX;
				WRAPPER_EXTENSION = app;
			};
			name = Debug;
		};
		47A47EF0160294200079D52C /* Release */ = {
			isa = XCBuildConfiguration;
			buildSettings = {
				FRAMEWORK_SEARCH_PATHS = (
					"$(inherited)",
					"\"$(SRCROOT)/../ShinobiCharts Trial\"",
					"\"$(SRCROOT)\"",
				);
				GCC_PRECOMPILE_PREFIX_HEADER = YES;
				GCC_PREFIX_HEADER = "PresidentX/PresidentX-Prefix.pch";
				INFOPLIST_FILE = "PresidentX/PresidentX-Info.plist";
				PRODUCT_NAME = PresidentX;
				WRAPPER_EXTENSION = app;
			};
			name = Release;
		};
/* End XCBuildConfiguration section */

/* Begin XCConfigurationList section */
		47A47ECA160294200079D52C /* Build configuration list for PBXProject "PresidentX" */ = {
			isa = XCConfigurationList;
			buildConfigurations = (
				47A47EEC160294200079D52C /* Debug */,
				47A47EED160294200079D52C /* Release */,
			);
			defaultConfigurationIsVisible = 0;
			defaultConfigurationName = Release;
		};
		47A47EEE160294200079D52C /* Build configuration list for PBXNativeTarget "PresidentX" */ = {
			isa = XCConfigurationList;
			buildConfigurations = (
				47A47EEF160294200079D52C /* Debug */,
				47A47EF0160294200079D52C /* Release */,
			);
			defaultConfigurationIsVisible = 0;
			defaultConfigurationName = Release;
		};
/* End XCConfigurationList section */
	};
	rootObject = 47A47EC7160294200079D52C /* Project object */;
}
